
Microsoft Visual Studio Solution File, Format Version 12.00
# Visual Studio Version 17
VisualStudioVersion = 17.0.32014.148
MinimumVisualStudioVersion = 10.0.40219.1
Project("{9A19103F-16F7-4668-BE54-9A1E7A4F7556}") = "Calculator", "Calculator\Calculator.csproj", "{3AA8552F-12ED-4113-B9A0-0A991A9BB7CF}"
EndProject
Project("{9A19103F-16F7-4668-BE54-9A1E7A4F7556}") = "Terminal", "Terminal\Terminal.csproj", "{8D1F88DD-AB7B-4100-8582-5C391DF3EC12}"
EndProject
Project("{9A19103F-16F7-4668-BE54-9A1E7A4F7556}") = "Game", "Game\Game.csproj", "{7CE13924-3D6F-477C-BB00-24E96BCCE8BD}"
EndProject
Project("{9A19103F-16F7-4668-BE54-9A1E7A4F7556}") = "WpfApp", "WpfApp\WpfApp.csproj", "{09860BC6-04CA-4170-A35E-45B9BC0CB706}"
EndProject
Project("{FAE04EC0-301F-11D3-BF4B-00C04F79EFBC}") = "WebAPI", "WebAPI\WebAPI.csproj", "{2E69A023-D388-4D04-AB88-3AEFBCA76772}"
EndProject
Global
	GlobalSection(SolutionConfigurationPlatforms) = preSolution
		Debug|Any CPU = Debug|Any CPU
		Release|Any CPU = Release|Any CPU
	EndGlobalSection
	GlobalSection(ProjectConfigurationPlatforms) = postSolution
		{3AA8552F-12ED-4113-B9A0-0A991A9BB7CF}.Debug|Any CPU.ActiveCfg = Debug|Any CPU
		{3AA8552F-12ED-4113-B9A0-0A991A9BB7CF}.Debug|Any CPU.Build.0 = Debug|Any CPU
		{3AA8552F-12ED-4113-B9A0-0A991A9BB7CF}.Release|Any CPU.ActiveCfg = Release|Any CPU
		{3AA8552F-12ED-4113-B9A0-0A991A9BB7CF}.Release|Any CPU.Build.0 = Release|Any CPU
		{8D1F88DD-AB7B-4100-8582-5C391DF3EC12}.Debug|Any CPU.ActiveCfg = Debug|Any CPU
		{8D1F88DD-AB7B-4100-8582-5C391DF3EC12}.Debug|Any CPU.Build.0 = Debug|Any CPU
		{8D1F88DD-AB7B-4100-8582-5C391DF3EC12}.Release|Any CPU.ActiveCfg = Release|Any CPU
		{8D1F88DD-AB7B-4100-8582-5C391DF3EC12}.Release|Any CPU.Build.0 = Release|Any CPU
		{7CE13924-3D6F-477C-BB00-24E96BCCE8BD}.Debug|Any CPU.ActiveCfg = Debug|Any CPU
		{7CE13924-3D6F-477C-BB00-24E96BCCE8BD}.Debug|Any CPU.Build.0 = Debug|Any CPU
		{7CE13924-3D6F-477C-BB00-24E96BCCE8BD}.Release|Any CPU.ActiveCfg = Release|Any CPU
		{7CE13924-3D6F-477C-BB00-24E96BCCE8BD}.Release|Any CPU.Build.0 = Release|Any CPU
		{09860BC6-04CA-4170-A35E-45B9BC0CB706}.Debug|Any CPU.ActiveCfg = Debug|Any CPU
		{09860BC6-04CA-4170-A35E-45B9BC0CB706}.Debug|Any CPU.Build.0 = Debug|Any CPU
		{09860BC6-04CA-4170-A35E-45B9BC0CB706}.Release|Any CPU.ActiveCfg = Release|Any CPU
		{09860BC6-04CA-4170-A35E-45B9BC0CB706}.Release|Any CPU.Build.0 = Release|Any CPU
		{2E69A023-D388-4D04-AB88-3AEFBCA76772}.Debug|Any CPU.ActiveCfg = Debug|Any CPU
		{2E69A023-D388-4D04-AB88-3AEFBCA76772}.Debug|Any CPU.Build.0 = Debug|Any CPU
		{2E69A023-D388-4D04-AB88-3AEFBCA76772}.Release|Any CPU.ActiveCfg = Release|Any CPU
		{2E69A023-D388-4D04-AB88-3AEFBCA76772}.Release|Any CPU.Build.0 = Release|Any CPU
	EndGlobalSection
	GlobalSection(SolutionProperties) = preSolution
		HideSolutionNode = FALSE
	EndGlobalSection
	GlobalSection(ExtensibilityGlobals) = postSolution
		SolutionGuid = {328C3B7F-1C47-4057-A69F-459A0A87A80C}
	EndGlobalSection
EndGlobal
