
Microsoft Visual Studio Solution File, Format Version 12.00
# Visual Studio Version 17
VisualStudioVersion = 17.0.32112.339
MinimumVisualStudioVersion = 10.0.40219.1
Project("{8BC9CEB8-8B4A-11D0-8D11-00A0C91BC942}") = "ClockHands", "ClockHands\ClockHands.vcxproj", "{74829274-F681-4504-BB99-091C92CC0323}"
EndProject
Project("{8BC9CEB8-8B4A-11D0-8D11-00A0C91BC942}") = "BubbleSort", "BubbleSort\BubbleSort.vcxproj", "{4AFC3727-56E2-4D6F-9650-752E4FBC37EB}"
EndProject
Global
	GlobalSection(SolutionConfigurationPlatforms) = preSolution
		Debug|x64 = Debug|x64
		Debug|x86 = Debug|x86
		Release|x64 = Release|x64
		Release|x86 = Release|x86
	EndGlobalSection
	GlobalSection(ProjectConfigurationPlatforms) = postSolution
		{74829274-F681-4504-BB99-091C92CC0323}.Debug|x64.ActiveCfg = Debug|x64
		{74829274-F681-4504-BB99-091C92CC0323}.Debug|x64.Build.0 = Debug|x64
		{74829274-F681-4504-BB99-091C92CC0323}.Debug|x86.ActiveCfg = Debug|Win32
		{74829274-F681-4504-BB99-091C92CC0323}.Debug|x86.Build.0 = Debug|Win32
		{74829274-F681-4504-BB99-091C92CC0323}.Release|x64.ActiveCfg = Release|x64
		{74829274-F681-4504-BB99-091C92CC0323}.Release|x64.Build.0 = Release|x64
		{74829274-F681-4504-BB99-091C92CC0323}.Release|x86.ActiveCfg = Release|Win32
		{74829274-F681-4504-BB99-091C92CC0323}.Release|x86.Build.0 = Release|Win32
		{4AFC3727-56E2-4D6F-9650-752E4FBC37EB}.Debug|x64.ActiveCfg = Debug|x64
		{4AFC3727-56E2-4D6F-9650-752E4FBC37EB}.Debug|x64.Build.0 = Debug|x64
		{4AFC3727-56E2-4D6F-9650-752E4FBC37EB}.Debug|x86.ActiveCfg = Debug|Win32
		{4AFC3727-56E2-4D6F-9650-752E4FBC37EB}.Debug|x86.Build.0 = Debug|Win32
		{4AFC3727-56E2-4D6F-9650-752E4FBC37EB}.Release|x64.ActiveCfg = Release|x64
		{4AFC3727-56E2-4D6F-9650-752E4FBC37EB}.Release|x64.Build.0 = Release|x64
		{4AFC3727-56E2-4D6F-9650-752E4FBC37EB}.Release|x86.ActiveCfg = Release|Win32
		{4AFC3727-56E2-4D6F-9650-752E4FBC37EB}.Release|x86.Build.0 = Release|Win32
	EndGlobalSection
	GlobalSection(SolutionProperties) = preSolution
		HideSolutionNode = FALSE
	EndGlobalSection
	GlobalSection(ExtensibilityGlobals) = postSolution
		SolutionGuid = {55CB8105-B953-4E3D-B043-51CB52DF6A02}
	EndGlobalSection
EndGlobal
